
Microsoft Visual Studio Solution File, Format Version 12.00
# Visual Studio 15
VisualStudioVersion = 15.0.28010.2046
MinimumVisualStudioVersion = 10.0.40219.1
Project("{9A19103F-16F7-4668-BE54-9A1E7A4F7556}") = "WebApplication13", "WebApplication13\WebApplication13.csproj", "{59DD916F-9ECF-447D-85FE-A088725BC76E}"
EndProject
Project("{2150E333-8FDC-42A3-9474-1A3956D46DE8}") = "Solution Items", "Solution Items", "{E2406ECC-3254-41DA-B30D-CAFC128564D8}"
	ProjectSection(SolutionItems) = preProject
		azure-pipelines.yml = azure-pipelines.yml
	EndProjectSection
EndProject
Global
	GlobalSection(SolutionConfigurationPlatforms) = preSolution
		Debug|Any CPU = Debug|Any CPU
		Release|Any CPU = Release|Any CPU
	EndGlobalSection
	GlobalSection(ProjectConfigurationPlatforms) = postSolution
		{59DD916F-9ECF-447D-85FE-A088725BC76E}.Debug|Any CPU.ActiveCfg = Debug|Any CPU
		{59DD916F-9ECF-447D-85FE-A088725BC76E}.Debug|Any CPU.Build.0 = Debug|Any CPU
		{59DD916F-9ECF-447D-85FE-A088725BC76E}.Release|Any CPU.ActiveCfg = Release|Any CPU
		{59DD916F-9ECF-447D-85FE-A088725BC76E}.Release|Any CPU.Build.0 = Release|Any CPU
	EndGlobalSection
	GlobalSection(SolutionProperties) = preSolution
		HideSolutionNode = FALSE
	EndGlobalSection
	GlobalSection(ExtensibilityGlobals) = postSolution
		SolutionGuid = {25101B0B-E94E-4343-9530-4069CF5793DC}
	EndGlobalSection
EndGlobal
